// !$*UTF8*$!
{
	archiveVersion = 1;
	classes = {
	};
	objectVersion = 46;
	objects = {

/* Begin PBXBuildFile section */
		FF541F75199ABDC30012B569 /* main.m in Sources */ = {isa = PBXBuildFile; fileRef = FF541F74199ABDC30012B569 /* main.m */; };
		FF541F78199ABDC30012B569 /* AppDelegate.m in Sources */ = {isa = PBXBuildFile; fileRef = FF541F77199ABDC30012B569 /* AppDelegate.m */; };
		FF541F7B199ABDC30012B569 /* FutureTimer.xcdatamodeld in Sources */ = {isa = PBXBuildFile; fileRef = FF541F79199ABDC30012B569 /* FutureTimer.xcdatamodeld */; };
		FF541F7E199ABDC30012B569 /* ViewController.m in Sources */ = {isa = PBXBuildFile; fileRef = FF541F7D199ABDC30012B569 /* ViewController.m */; };
		FF541F81199ABDC30012B569 /* Main.storyboard in Resources */ = {isa = PBXBuildFile; fileRef = FF541F7F199ABDC30012B569 /* Main.storyboard */; };
		FF541F83199ABDC30012B569 /* Images.xcassets in Resources */ = {isa = PBXBuildFile; fileRef = FF541F82199ABDC30012B569 /* Images.xcassets */; };
		FF541F8F199ABDC40012B569 /* FutureTimerTests.m in Sources */ = {isa = PBXBuildFile; fileRef = FF541F8E199ABDC40012B569 /* FutureTimerTests.m */; };
/* End PBXBuildFile section */

/* Begin PBXContainerItemProxy section */
		FF541F89199ABDC40012B569 /* PBXContainerItemProxy */ = {
			isa = PBXContainerItemProxy;
			containerPortal = FF541F67199ABDC30012B569 /* Project object */;
			proxyType = 1;
			remoteGlobalIDString = FF541F6E199ABDC30012B569;
			remoteInfo = FutureTimer;
		};
/* End PBXContainerItemProxy section */

/* Begin PBXFileReference section */
		FF541F6F199ABDC30012B569 /* FutureTimer.app */ = {isa = PBXFileReference; explicitFileType = wrapper.application; includeInIndex = 0; path = FutureTimer.app; sourceTree = BUILT_PRODUCTS_DIR; };
		FF541F73199ABDC30012B569 /* Info.plist */ = {isa = PBXFileReference; lastKnownFileType = text.plist.xml; path = Info.plist; sourceTree = "<group>"; };
		FF541F74199ABDC30012B569 /* main.m */ = {isa = PBXFileReference; lastKnownFileType = sourcecode.c.objc; path = main.m; sourceTree = "<group>"; };
		FF541F76199ABDC30012B569 /* AppDelegate.h */ = {isa = PBXFileReference; lastKnownFileType = sourcecode.c.h; path = AppDelegate.h; sourceTree = "<group>"; };
		FF541F77199ABDC30012B569 /* AppDelegate.m */ = {isa = PBXFileReference; lastKnownFileType = sourcecode.c.objc; path = AppDelegate.m; sourceTree = "<group>"; };
		FF541F7A199ABDC30012B569 /* FutureTimer.xcdatamodel */ = {isa = PBXFileReference; lastKnownFileType = wrapper.xcdatamodel; path = FutureTimer.xcdatamodel; sourceTree = "<group>"; };
		FF541F7C199ABDC30012B569 /* ViewController.h */ = {isa = PBXFileReference; lastKnownFileType = sourcecode.c.h; path = ViewController.h; sourceTree = "<group>"; };
		FF541F7D199ABDC30012B569 /* ViewController.m */ = {isa = PBXFileReference; lastKnownFileType = sourcecode.c.objc; path = ViewController.m; sourceTree = "<group>"; };
		FF541F80199ABDC30012B569 /* Base */ = {isa = PBXFileReference; lastKnownFileType = file.storyboard; name = Base; path = Base.lproj/Main.storyboard; sourceTree = "<group>"; };
		FF541F82199ABDC30012B569 /* Images.xcassets */ = {isa = PBXFileReference; lastKnownFileType = folder.assetcatalog; path = Images.xcassets; sourceTree = "<group>"; };
		FF541F88199ABDC40012B569 /* FutureTimerTests.xctest */ = {isa = PBXFileReference; explicitFileType = wrapper.cfbundle; includeInIndex = 0; path = FutureTimerTests.xctest; sourceTree = BUILT_PRODUCTS_DIR; };
		FF541F8D199ABDC40012B569 /* Info.plist */ = {isa = PBXFileReference; lastKnownFileType = text.plist.xml; path = Info.plist; sourceTree = "<group>"; };
		FF541F8E199ABDC40012B569 /* FutureTimerTests.m */ = {isa = PBXFileReference; lastKnownFileType = sourcecode.c.objc; path = FutureTimerTests.m; sourceTree = "<group>"; };
/* End PBXFileReference section */

/* Begin PBXFrameworksBuildPhase section */
		FF541F6C199ABDC30012B569 /* Frameworks */ = {
			isa = PBXFrameworksBuildPhase;
			buildActionMask = 2147483647;
			files = (
			);
			runOnlyForDeploymentPostprocessing = 0;
		};
		FF541F85199ABDC40012B569 /* Frameworks */ = {
			isa = PBXFrameworksBuildPhase;
			buildActionMask = 2147483647;
			files = (
			);
			runOnlyForDeploymentPostprocessing = 0;
		};
/* End PBXFrameworksBuildPhase section */

/* Begin PBXGroup section */
		FF541F66199ABDC30012B569 = {
			isa = PBXGroup;
			children = (
				FF541F71199ABDC30012B569 /* FutureTimer */,
				FF541F8B199ABDC40012B569 /* FutureTimerTests */,
				FF541F70199ABDC30012B569 /* Products */,
			);
			sourceTree = "<group>";
		};
		FF541F70199ABDC30012B569 /* Products */ = {
			isa = PBXGroup;
			children = (
				FF541F6F199ABDC30012B569 /* FutureTimer.app */,
				FF541F88199ABDC40012B569 /* FutureTimerTests.xctest */,
			);
			name = Products;
			sourceTree = "<group>";
		};
		FF541F71199ABDC30012B569 /* FutureTimer */ = {
			isa = PBXGroup;
			children = (
				FF541F76199ABDC30012B569 /* AppDelegate.h */,
				FF541F77199ABDC30012B569 /* AppDelegate.m */,
				FF541F7C199ABDC30012B569 /* ViewController.h */,
				FF541F7D199ABDC30012B569 /* ViewController.m */,
				FF541F7F199ABDC30012B569 /* Main.storyboard */,
				FF541F82199ABDC30012B569 /* Images.xcassets */,
				FF541F79199ABDC30012B569 /* FutureTimer.xcdatamodeld */,
				FF541F72199ABDC30012B569 /* Supporting Files */,
			);
			path = FutureTimer;
			sourceTree = "<group>";
		};
		FF541F72199ABDC30012B569 /* Supporting Files */ = {
			isa = PBXGroup;
			children = (
				FF541F73199ABDC30012B569 /* Info.plist */,
				FF541F74199ABDC30012B569 /* main.m */,
			);
			name = "Supporting Files";
			sourceTree = "<group>";
		};
		FF541F8B199ABDC40012B569 /* FutureTimerTests */ = {
			isa = PBXGroup;
			children = (
				FF541F8E199ABDC40012B569 /* FutureTimerTests.m */,
				FF541F8C199ABDC40012B569 /* Supporting Files */,
			);
			path = FutureTimerTests;
			sourceTree = "<group>";
		};
		FF541F8C199ABDC40012B569 /* Supporting Files */ = {
			isa = PBXGroup;
			children = (
				FF541F8D199ABDC40012B569 /* Info.plist */,
			);
			name = "Supporting Files";
			sourceTree = "<group>";
		};
/* End PBXGroup section */

/* Begin PBXNativeTarget section */
		FF541F6E199ABDC30012B569 /* FutureTimer */ = {
			isa = PBXNativeTarget;
			buildConfigurationList = FF541F92199ABDC40012B569 /* Build configuration list for PBXNativeTarget "FutureTimer" */;
			buildPhases = (
				FF541F6B199ABDC30012B569 /* Sources */,
				FF541F6C199ABDC30012B569 /* Frameworks */,
				FF541F6D199ABDC30012B569 /* Resources */,
			);
			buildRules = (
			);
			dependencies = (
			);
			name = FutureTimer;
			productName = FutureTimer;
			productReference = FF541F6F199ABDC30012B569 /* FutureTimer.app */;
			productType = "com.apple.product-type.application";
		};
		FF541F87199ABDC40012B569 /* FutureTimerTests */ = {
			isa = PBXNativeTarget;
			buildConfigurationList = FF541F95199ABDC40012B569 /* Build configuration list for PBXNativeTarget "FutureTimerTests" */;
			buildPhases = (
				FF541F84199ABDC40012B569 /* Sources */,
				FF541F85199ABDC40012B569 /* Frameworks */,
				FF541F86199ABDC40012B569 /* Resources */,
			);
			buildRules = (
			);
			dependencies = (
				FF541F8A199ABDC40012B569 /* PBXTargetDependency */,
			);
			name = FutureTimerTests;
			productName = FutureTimerTests;
			productReference = FF541F88199ABDC40012B569 /* FutureTimerTests.xctest */;
			productType = "com.apple.product-type.bundle.unit-test";
		};
/* End PBXNativeTarget section */

/* Begin PBXProject section */
		FF541F67199ABDC30012B569 /* Project object */ = {
			isa = PBXProject;
			attributes = {
				LastUpgradeCheck = 0600;
				ORGANIZATIONNAME = "Arkadius Miska";
				TargetAttributes = {
					FF541F6E199ABDC30012B569 = {
						CreatedOnToolsVersion = 6.0;
					};
					FF541F87199ABDC40012B569 = {
						CreatedOnToolsVersion = 6.0;
						TestTargetID = FF541F6E199ABDC30012B569;
					};
				};
			};
			buildConfigurationList = FF541F6A199ABDC30012B569 /* Build configuration list for PBXProject "FutureTimer" */;
			compatibilityVersion = "Xcode 3.2";
			developmentRegion = English;
			hasScannedForEncodings = 0;
			knownRegions = (
				en,
				Base,
			);
			mainGroup = FF541F66199ABDC30012B569;
			productRefGroup = FF541F70199ABDC30012B569 /* Products */;
			projectDirPath = "";
			projectRoot = "";
			targets = (
				FF541F6E199ABDC30012B569 /* FutureTimer */,
				FF541F87199ABDC40012B569 /* FutureTimerTests */,
			);
		};
/* End PBXProject section */

/* Begin PBXResourcesBuildPhase section */
		FF541F6D199ABDC30012B569 /* Resources */ = {
			isa = PBXResourcesBuildPhase;
			buildActionMask = 2147483647;
			files = (
				FF541F81199ABDC30012B569 /* Main.storyboard in Resources */,
				FF541F83199ABDC30012B569 /* Images.xcassets in Resources */,
			);
			runOnlyForDeploymentPostprocessing = 0;
		};
		FF541F86199ABDC40012B569 /* Resources */ = {
			isa = PBXResourcesBuildPhase;
			buildActionMask = 2147483647;
			files = (
			);
			runOnlyForDeploymentPostprocessing = 0;
		};
/* End PBXResourcesBuildPhase section */

/* Begin PBXSourcesBuildPhase section */
		FF541F6B199ABDC30012B569 /* Sources */ = {
			isa = PBXSourcesBuildPhase;
			buildActionMask = 2147483647;
			files = (
				FF541F78199ABDC30012B569 /* AppDelegate.m in Sources */,
				FF541F7B199ABDC30012B569 /* FutureTimer.xcdatamodeld in Sources */,
				FF541F7E199ABDC30012B569 /* ViewController.m in Sources */,
				FF541F75199ABDC30012B569 /* main.m in Sources */,
			);
			runOnlyForDeploymentPostprocessing = 0;
		};
		FF541F84199ABDC40012B569 /* Sources */ = {
			isa = PBXSourcesBuildPhase;
			buildActionMask = 2147483647;
			files = (
				FF541F8F199ABDC40012B569 /* FutureTimerTests.m in Sources */,
			);
			runOnlyForDeploymentPostprocessing = 0;
		};
/* End PBXSourcesBuildPhase section */

/* Begin PBXTargetDependency section */
		FF541F8A199ABDC40012B569 /* PBXTargetDependency */ = {
			isa = PBXTargetDependency;
			target = FF541F6E199ABDC30012B569 /* FutureTimer */;
			targetProxy = FF541F89199ABDC40012B569 /* PBXContainerItemProxy */;
		};
/* End PBXTargetDependency section */

/* Begin PBXVariantGroup section */
		FF541F7F199ABDC30012B569 /* Main.storyboard */ = {
			isa = PBXVariantGroup;
			children = (
				FF541F80199ABDC30012B569 /* Base */,
			);
			name = Main.storyboard;
			sourceTree = "<group>";
		};
/* End PBXVariantGroup section */

/* Begin XCBuildConfiguration section */
		FF541F90199ABDC40012B569 /* Debug */ = {
			isa = XCBuildConfiguration;
			buildSettings = {
				ALWAYS_SEARCH_USER_PATHS = NO;
				CLANG_CXX_LANGUAGE_STANDARD = "gnu++0x";
				CLANG_CXX_LIBRARY = "libc++";
				CLANG_ENABLE_MODULES = YES;
				CLANG_ENABLE_OBJC_ARC = YES;
				CLANG_WARN_BOOL_CONVERSION = YES;
				CLANG_WARN_CONSTANT_CONVERSION = YES;
				CLANG_WARN_DIRECT_OBJC_ISA_USAGE = YES_ERROR;
				CLANG_WARN_EMPTY_BODY = YES;
				CLANG_WARN_ENUM_CONVERSION = YES;
				CLANG_WARN_INT_CONVERSION = YES;
				CLANG_WARN_OBJC_ROOT_CLASS = YES_ERROR;
				CLANG_WARN_UNREACHABLE_CODE = YES;
				CLANG_WARN__DUPLICATE_METHOD_MATCH = YES;
				"CODE_SIGN_IDENTITY[sdk=iphoneos*]" = "iPhone Developer";
				COPY_PHASE_STRIP = NO;
				ENABLE_STRICT_OBJC_MSGSEND = YES;
				GCC_C_LANGUAGE_STANDARD = gnu99;
				GCC_DYNAMIC_NO_PIC = NO;
				GCC_OPTIMIZATION_LEVEL = 0;
				GCC_PREPROCESSOR_DEFINITIONS = (
					"DEBUG=1",
					"$(inherited)",
				);
				GCC_SYMBOLS_PRIVATE_EXTERN = NO;
				GCC_WARN_64_TO_32_BIT_CONVERSION = YES;
				GCC_WARN_ABOUT_RETURN_TYPE = YES_ERROR;
				GCC_WARN_UNDECLARED_SELECTOR = YES;
				GCC_WARN_UNINITIALIZED_AUTOS = YES_AGGRESSIVE;
				GCC_WARN_UNUSED_FUNCTION = YES;
				GCC_WARN_UNUSED_VARIABLE = YES;
				IPHONEOS_DEPLOYMENT_TARGET = 8.0;
				METAL_ENABLE_DEBUG_INFO = YES;
				ONLY_ACTIVE_ARCH = YES;
				SDKROOT = iphoneos;
				TARGETED_DEVICE_FAMILY = "1,2";
			};
			name = Debug;
		};
		FF541F91199ABDC40012B569 /* Release */ = {
			isa = XCBuildConfiguration;
			buildSettings = {
				ALWAYS_SEARCH_USER_PATHS = NO;
				CLANG_CXX_LANGUAGE_STANDARD = "gnu++0x";
				CLANG_CXX_LIBRARY = "libc++";
				CLANG_ENABLE_MODULES = YES;
				CLANG_ENABLE_OBJC_ARC = YES;
				CLANG_WARN_BOOL_CONVERSION = YES;
				CLANG_WARN_CONSTANT_CONVERSION = YES;
				CLANG_WARN_DIRECT_OBJC_ISA_USAGE = YES_ERROR;
				CLANG_WARN_EMPTY_BODY = YES;
				CLANG_WARN_ENUM_CONVERSION = YES;
				CLANG_WARN_INT_CONVERSION = YES;
				CLANG_WARN_OBJC_ROOT_CLASS = YES_ERROR;
				CLANG_WARN_UNREACHABLE_CODE = YES;
				CLANG_WARN__DUPLICATE_METHOD_MATCH = YES;
				"CODE_SIGN_IDENTITY[sdk=iphoneos*]" = "iPhone Developer";
				COPY_PHASE_STRIP = YES;
				ENABLE_NS_ASSERTIONS = NO;
				ENABLE_STRICT_OBJC_MSGSEND = YES;
				GCC_C_LANGUAGE_STANDARD = gnu99;
				GCC_WARN_64_TO_32_BIT_CONVERSION = YES;
				GCC_WARN_ABOUT_RETURN_TYPE = YES_ERROR;
				GCC_WARN_UNDECLARED_SELECTOR = YES;
				GCC_WARN_UNINITIALIZED_AUTOS = YES_AGGRESSIVE;
				GCC_WARN_UNUSED_FUNCTION = YES;
				GCC_WARN_UNUSED_VARIABLE = YES;
				IPHONEOS_DEPLOYMENT_TARGET = 8.0;
				METAL_ENABLE_DEBUG_INFO = NO;
				SDKROOT = iphoneos;
				TARGETED_DEVICE_FAMILY = "1,2";
				VALIDATE_PRODUCT = YES;
			};
			name = Release;
		};
		FF541F93199ABDC40012B569 /* Debug */ = {
			isa = XCBuildConfiguration;
			buildSettings = {
				ASSETCATALOG_COMPILER_APPICON_NAME = AppIcon;
				ASSETCATALOG_COMPILER_LAUNCHIMAGE_NAME = LaunchImage;
				INFOPLIST_FILE = FutureTimer/Info.plist;
				LD_RUNPATH_SEARCH_PATHS = "$(inherited) @executable_path/Frameworks";
				PRODUCT_NAME = "$(TARGET_NAME)";
			};
			name = Debug;
		};
		FF541F94199ABDC40012B569 /* Release */ = {
			isa = XCBuildConfiguration;
			buildSettings = {
				ASSETCATALOG_COMPILER_APPICON_NAME = AppIcon;
				ASSETCATALOG_COMPILER_LAUNCHIMAGE_NAME = LaunchImage;
				INFOPLIST_FILE = FutureTimer/Info.plist;
				LD_RUNPATH_SEARCH_PATHS = "$(inherited) @executable_path/Frameworks";
				PRODUCT_NAME = "$(TARGET_NAME)";
			};
			name = Release;
		};
		FF541F96199ABDC40012B569 /* Debug */ = {
			isa = XCBuildConfiguration;
			buildSettings = {
				BUNDLE_LOADER = "$(BUILT_PRODUCTS_DIR)/FutureTimer.app/FutureTimer";
				FRAMEWORK_SEARCH_PATHS = (
					"$(SDKROOT)/Developer/Library/Frameworks",
					"$(inherited)",
				);
				GCC_PREPROCESSOR_DEFINITIONS = (
					"DEBUG=1",
					"$(inherited)",
				);
				INFOPLIST_FILE = FutureTimerTests/Info.plist;
				LD_RUNPATH_SEARCH_PATHS = "$(inherited) @executable_path/Frameworks @loader_path/Frameworks";
				METAL_ENABLE_DEBUG_INFO = YES;
				PRODUCT_NAME = "$(TARGET_NAME)";
				TEST_HOST = "$(BUNDLE_LOADER)";
			};
			name = Debug;
		};
		FF541F97199ABDC40012B569 /* Release */ = {
			isa = XCBuildConfiguration;
			buildSettings = {
				BUNDLE_LOADER = "$(BUILT_PRODUCTS_DIR)/FutureTimer.app/FutureTimer";
				FRAMEWORK_SEARCH_PATHS = (
					"$(SDKROOT)/Developer/Library/Frameworks",
					"$(inherited)",
				);
				INFOPLIST_FILE = FutureTimerTests/Info.plist;
				LD_RUNPATH_SEARCH_PATHS = "$(inherited) @executable_path/Frameworks @loader_path/Frameworks";
				METAL_ENABLE_DEBUG_INFO = NO;
				PRODUCT_NAME = "$(TARGET_NAME)";
				TEST_HOST = "$(BUNDLE_LOADER)";
			};
			name = Release;
		};
/* End XCBuildConfiguration section */

/* Begin XCConfigurationList section */
		FF541F6A199ABDC30012B569 /* Build configuration list for PBXProject "FutureTimer" */ = {
			isa = XCConfigurationList;
			buildConfigurations = (
				FF541F90199ABDC40012B569 /* Debug */,
				FF541F91199ABDC40012B569 /* Release */,
			);
			defaultConfigurationIsVisible = 0;
			defaultConfigurationName = Release;
		};
		FF541F92199ABDC40012B569 /* Build configuration list for PBXNativeTarget "FutureTimer" */ = {
			isa = XCConfigurationList;
			buildConfigurations = (
				FF541F93199ABDC40012B569 /* Debug */,
				FF541F94199ABDC40012B569 /* Release */,
			);
			defaultConfigurationIsVisible = 0;
		};
		FF541F95199ABDC40012B569 /* Build configuration list for PBXNativeTarget "FutureTimerTests" */ = {
			isa = XCConfigurationList;
			buildConfigurations = (
				FF541F96199ABDC40012B569 /* Debug */,
				FF541F97199ABDC40012B569 /* Release */,
			);
			defaultConfigurationIsVisible = 0;
		};
/* End XCConfigurationList section */

/* Begin XCVersionGroup section */
		FF541F79199ABDC30012B569 /* FutureTimer.xcdatamodeld */ = {
			isa = XCVersionGroup;
			children = (
				FF541F7A199ABDC30012B569 /* FutureTimer.xcdatamodel */,
			);
			currentVersion = FF541F7A199ABDC30012B569 /* FutureTimer.xcdatamodel */;
			path = FutureTimer.xcdatamodeld;
			sourceTree = "<group>";
			versionGroupType = wrapper.xcdatamodel;
		};
/* End XCVersionGroup section */
	};
	rootObject = FF541F67199ABDC30012B569 /* Project object */;
}
